
Microsoft Visual Studio Solution File, Format Version 12.00
# Visual Studio 2013
VisualStudioVersion = 12.0.40629.0
MinimumVisualStudioVersion = 10.0.40219.1
Project("{FAE04EC0-301F-11D3-BF4B-00C04F79EFBC}") = "Algoritma_Pozitif-Negatig-Eşit-Sayilar", "Algoritma_Pozitif-Negatig-Eşit-Sayilar\Algoritma_Pozitif-Negatig-Eşit-Sayilar.csproj", "{B665C1B1-3693-49DF-A320-90DC6F9B93CC}"
EndProject
Global
	GlobalSection(SolutionConfigurationPlatforms) = preSolution
		Debug|Any CPU = Debug|Any CPU
		Release|Any CPU = Release|Any CPU
	EndGlobalSection
	GlobalSection(ProjectConfigurationPlatforms) = postSolution
		{B665C1B1-3693-49DF-A320-90DC6F9B93CC}.Debug|Any CPU.ActiveCfg = Debug|Any CPU
		{B665C1B1-3693-49DF-A320-90DC6F9B93CC}.Debug|Any CPU.Build.0 = Debug|Any CPU
		{B665C1B1-3693-49DF-A320-90DC6F9B93CC}.Release|Any CPU.ActiveCfg = Release|Any CPU
		{B665C1B1-3693-49DF-A320-90DC6F9B93CC}.Release|Any CPU.Build.0 = Release|Any CPU
	EndGlobalSection
	GlobalSection(SolutionProperties) = preSolution
		HideSolutionNode = FALSE
	EndGlobalSection
EndGlobal
